# This file is automatically @generated by Cargo.
# It is not intended for manual editing.
version = 3

[[package]]
name = "serde"
version = "1.0.160"
source = "registry+https://github.com/rust-lang/crates.io-index"
checksum = "fakechecksum1"

[[package]]
name = "tokio"
version = "1.28.0"
source = "registry+https://github.com/rust-lang/crates.io-index"
checksum = "fakechecksum2"

[[package]]
name = "fixture-app"
version = "0.1.0"
