{
  "name": "fixture-app",
  "version": "1.0.0",
  "lockfileVersion": 3,
  "requires": true,
  "packages": {
    "": {
      "name": "fixture-app",
      "version": "1.0.0",
      "dependencies": {
        "express": "^4.17.1",
        "lodash": "4.17.20"
      },
      "devDependencies": {
        "jest": "^29.0.0"
      }
    },
    "node_modules/express": {
      "version": "4.17.1",
      "resolved": "https://registry.npmjs.org/express/-/express-4.17.1.tgz",
      "integrity": "sha512-fake==",
      "license": "MIT",
      "dependencies": {
        "qs": "6.7.0"
      }
    },
    "node_modules/express/node_modules/qs": {
      "version": "6.7.0",
      "license": "BSD-3-Clause"
    },
    "node_modules/lodash": {
      "version": "4.17.20",
      "license": "MIT"
    },
    "node_modules/jest": {
      "version": "29.5.0",
      "dev": true,
      "license": "MIT"
    }
  }
}
