# This file is automatically @generated by Poetry and should not be changed by hand.

[[package]]
name = "django"
version = "4.2.0"
description = "A high-level Python Web framework"
category = "main"
optional = false
python-versions = ">=3.8"

[[package]]
name = "requests"
version = "2.28.2"
description = "Python HTTP for Humans."
category = "main"
optional = false

[[package]]
name = "Jinja2"
version = "3.1.2"
description = "A very fast and expressive template engine"
category = "main"
optional = false

[[package]]
name = "pytest"
version = "7.4.0"
description = "pytest: simple powerful testing with Python"
category = "dev"
optional = false

[metadata]
lock-version = "2.0"
python-versions = "^3.10"
content-hash = "fake"
