{
  "name": "sca-reachability",
  "version": "1.0.0",
  "lockfileVersion": 3,
  "requires": true,
  "packages": {
    "": {
      "name": "sca-reachability",
      "version": "1.0.0",
      "dependencies": {
        "lodash": "4.17.20",
        "ejs": "3.1.6",
        "express": "4.16.0",
        "ws": "5.2.2",
        "minimist": "1.2.5",
        "yargs": "16.0.0"
      }
    },
    "node_modules/lodash": {
      "version": "4.17.20", "license": "MIT"
    },
    "node_modules/ejs": {
      "version": "3.1.6", "license": "Apache-2.0"
    },
    "node_modules/express": {
      "version": "4.16.0", "license": "MIT"
    },
    "node_modules/ws": {
      "version": "5.2.2", "license": "MIT"
    },
    "node_modules/minimist": {
      "version": "1.2.5", "license": "MIT"
    },
    "node_modules/yargs": {
      "version": "16.0.0", "license": "MIT"
    }
  }
}
